{
  "name": "yii2-app-with-layui",
  "lockfileVersion": 3,
  "requires": true,
  "packages": {
    "": {
      "dependencies": {
        "layui": "^2.11.5"
      }
    },
    "node_modules/layui": {
      "version": "2.11.5",
      "resolved": "https://registry.npmmirror.com/layui/-/layui-2.11.5.tgz",
      "integrity": "sha512-UHLn1FSAOyX1yCbnL35r4K13onACms1Lp+5wadpT0VrSujbiKnRHkGxBf2j1unCvm/6hxh5K4YOVSskmyVHgqA==",
      "license": "MIT"
    }
  }
}
